
Microsoft Visual Studio Solution File, Format Version 12.00
# Visual Studio Version 16
VisualStudioVersion = 16.0.30204.135
MinimumVisualStudioVersion = 10.0.40219.1
Project("{9A19103F-16F7-4668-BE54-9A1E7A4F7556}") = "TrackerLibrary", "TrackerLibrary\TrackerLibrary.csproj", "{C2927D1F-6905-4CAB-A70A-6077FB426B16}"
EndProject
Project("{FAE04EC0-301F-11D3-BF4B-00C04F79EFBC}") = "TrackerUI", "TrackerUI\TrackerUI.csproj", "{C788A16C-4A1E-4BBB-8238-46285140405B}"
EndProject
Project("{2150E333-8FDC-42A3-9474-1A3956D46DE8}") = "ImagesForReadme", "ImagesForReadme", "{99DC4924-DBCD-416C-A9F7-CFD390C55E6B}"
EndProject
Global
	GlobalSection(SolutionConfigurationPlatforms) = preSolution
		Debug|Any CPU = Debug|Any CPU
		Release|Any CPU = Release|Any CPU
	EndGlobalSection
	GlobalSection(ProjectConfigurationPlatforms) = postSolution
		{C2927D1F-6905-4CAB-A70A-6077FB426B16}.Debug|Any CPU.ActiveCfg = Debug|Any CPU
		{C2927D1F-6905-4CAB-A70A-6077FB426B16}.Debug|Any CPU.Build.0 = Debug|Any CPU
		{C2927D1F-6905-4CAB-A70A-6077FB426B16}.Release|Any CPU.ActiveCfg = Release|Any CPU
		{C2927D1F-6905-4CAB-A70A-6077FB426B16}.Release|Any CPU.Build.0 = Release|Any CPU
		{C788A16C-4A1E-4BBB-8238-46285140405B}.Debug|Any CPU.ActiveCfg = Debug|Any CPU
		{C788A16C-4A1E-4BBB-8238-46285140405B}.Debug|Any CPU.Build.0 = Debug|Any CPU
		{C788A16C-4A1E-4BBB-8238-46285140405B}.Release|Any CPU.ActiveCfg = Release|Any CPU
		{C788A16C-4A1E-4BBB-8238-46285140405B}.Release|Any CPU.Build.0 = Release|Any CPU
	EndGlobalSection
	GlobalSection(SolutionProperties) = preSolution
		HideSolutionNode = FALSE
	EndGlobalSection
	GlobalSection(ExtensibilityGlobals) = postSolution
		SolutionGuid = {776CEA68-8712-43D8-9732-8690EFE83302}
	EndGlobalSection
EndGlobal
